<Solution>
  <Configurations>
    <Platform Name="Any CPU" />
    <Platform Name="ORBIS" />
  </Configurations>
  <Folder Name="/ShellUI/">
    <Project Path="ShellUI/ShellUI/ShellUI.vcxproj" Id="f577677c-9288-403b-8fa2-df060124d399">
      <Platform Project="ORBIS" />
    </Project>
    <Project Path="ShellUI/ShellUIManaged/ShellUIManaged.csproj" Id="3f5fec7c-3907-409f-af99-a14bacc1b2f2" />
  </Folder>
  <Project Path="Bootstrapper/Bootstrapper.vcxproj" Id="6b4ddc00-5754-4b2f-af0f-356f29d9a352">
    <Platform Project="ORBIS" />
  </Project>
  <Project Path="ShellCore/ShellCore.vcxproj" Id="9f547c5f-7cf2-4d05-83b9-920e9ce894e6">
    <Platform Project="ORBIS" />
  </Project>
  <Project Path="SysCore/SysCore.vcxproj" Id="f18c5201-b86a-4aff-bde4-55f813b3cae7">
    <Platform Project="ORBIS" />
  </Project>
</Solution>
